
Microsoft Visual Studio Solution File, Format Version 12.00
# Visual Studio 15
VisualStudioVersion = 15.0.28307.645
MinimumVisualStudioVersion = 10.0.40219.1
Project("{2150E333-8FDC-42A3-9474-1A3956D46DE8}") = "Solution Items", "Solution Items", "{9E2D2B45-20FF-4428-A2FA-48329609D87B}"
	ProjectSection(SolutionItems) = preProject
		..\appveyor.yml = ..\appveyor.yml
	EndProjectSection
EndProject
Project("{9A19103F-16F7-4668-BE54-9A1E7A4F7556}") = "FileOnServerAuth", "FileOnServerAuth\FileOnServerAuth.csproj", "{A8A85CF8-6CAF-4F33-84F7-4B753689AD16}"
EndProject
Project("{9A19103F-16F7-4668-BE54-9A1E7A4F7556}") = "FileOnServerAuth.Mvc", "FileOnServerAuth.Mvc\FileOnServerAuth.Mvc.csproj", "{18A34658-6468-49A8-88BA-6B9064339F90}"
EndProject
Project("{9A19103F-16F7-4668-BE54-9A1E7A4F7556}") = "FileOnServerAuth.Mvc.Sample", "FileOnServerAuth.Mvc.Sample\FileOnServerAuth.Mvc.Sample.csproj", "{5E9A22B0-AF3C-4369-8EA6-D2271E1C09E4}"
EndProject
Global
	GlobalSection(SolutionConfigurationPlatforms) = preSolution
		Debug|Any CPU = Debug|Any CPU
		Release|Any CPU = Release|Any CPU
	EndGlobalSection
	GlobalSection(ProjectConfigurationPlatforms) = postSolution
		{A8A85CF8-6CAF-4F33-84F7-4B753689AD16}.Debug|Any CPU.ActiveCfg = Debug|Any CPU
		{A8A85CF8-6CAF-4F33-84F7-4B753689AD16}.Debug|Any CPU.Build.0 = Debug|Any CPU
		{A8A85CF8-6CAF-4F33-84F7-4B753689AD16}.Release|Any CPU.ActiveCfg = Release|Any CPU
		{A8A85CF8-6CAF-4F33-84F7-4B753689AD16}.Release|Any CPU.Build.0 = Release|Any CPU
		{18A34658-6468-49A8-88BA-6B9064339F90}.Debug|Any CPU.ActiveCfg = Debug|Any CPU
		{18A34658-6468-49A8-88BA-6B9064339F90}.Debug|Any CPU.Build.0 = Debug|Any CPU
		{18A34658-6468-49A8-88BA-6B9064339F90}.Release|Any CPU.ActiveCfg = Release|Any CPU
		{18A34658-6468-49A8-88BA-6B9064339F90}.Release|Any CPU.Build.0 = Release|Any CPU
		{5E9A22B0-AF3C-4369-8EA6-D2271E1C09E4}.Debug|Any CPU.ActiveCfg = Debug|Any CPU
		{5E9A22B0-AF3C-4369-8EA6-D2271E1C09E4}.Debug|Any CPU.Build.0 = Debug|Any CPU
		{5E9A22B0-AF3C-4369-8EA6-D2271E1C09E4}.Release|Any CPU.ActiveCfg = Release|Any CPU
		{5E9A22B0-AF3C-4369-8EA6-D2271E1C09E4}.Release|Any CPU.Build.0 = Release|Any CPU
	EndGlobalSection
	GlobalSection(SolutionProperties) = preSolution
		HideSolutionNode = FALSE
	EndGlobalSection
	GlobalSection(ExtensibilityGlobals) = postSolution
		SolutionGuid = {254FFAD9-A0A1-476C-9BFA-7B5D31A1C766}
	EndGlobalSection
EndGlobal
